# generated by rye
# use `rye lock` or `rye sync` to update this lockfile
#
# last locked with the following flags:
#   pre: false
#   features: []
#   all-features: false
#   with-sources: false
#   generate-hashes: false

-e file:.
astroid==3.2.2
    # via pylint
babel==2.15.0
    # via fava
    # via flask-babel
beancount==2.3.6
    # via beangrow
    # via fava
beangrow==1.0.0
    # via fava-portfolio-returns
beautifulsoup4==4.12.3
    # via beancount
black==24.4.2
blinker==1.8.2
    # via flask
bottle==0.12.25
    # via beancount
cachetools==5.3.3
    # via google-auth
certifi==2024.6.2
    # via requests
chardet==5.2.0
    # via beancount
charset-normalizer==3.3.2
    # via requests
cheroot==10.0.1
    # via fava
click==8.1.7
    # via black
    # via fava
    # via flask
contourpy==1.2.1
    # via matplotlib
cycler==0.12.1
    # via matplotlib
dill==0.3.8
    # via pylint
fava==1.27.3
    # via fava-portfolio-returns
flask==3.0.3
    # via fava
    # via flask-babel
flask-babel==4.0.0
    # via fava
fonttools==4.53.0
    # via matplotlib
google-api-core==2.19.1
    # via google-api-python-client
google-api-python-client==2.135.0
    # via beancount
google-auth==2.30.0
    # via google-api-core
    # via google-api-python-client
    # via google-auth-httplib2
google-auth-httplib2==0.2.0
    # via google-api-python-client
googleapis-common-protos==1.63.2
    # via google-api-core
httplib2==0.22.0
    # via google-api-python-client
    # via google-auth-httplib2
idna==3.7
    # via requests
iniconfig==2.0.0
    # via pytest
isort==5.13.2
    # via pylint
itsdangerous==2.2.0
    # via flask
jaraco-functools==4.0.1
    # via cheroot
jinja2==3.1.4
    # via fava
    # via flask
    # via flask-babel
kiwisolver==1.4.5
    # via matplotlib
lxml==5.2.2
    # via beancount
markdown2==2.4.13
    # via fava
markupsafe==2.1.5
    # via jinja2
    # via werkzeug
matplotlib==3.9.0
    # via beangrow
mccabe==0.7.0
    # via pylint
more-itertools==10.3.0
    # via cheroot
    # via jaraco-functools
mypy==1.10.1
mypy-extensions==1.0.0
    # via black
    # via mypy
numpy==2.0.0
    # via beangrow
    # via contourpy
    # via matplotlib
    # via pandas
    # via scipy
packaging==24.1
    # via black
    # via matplotlib
    # via pytest
pandas==2.2.2
    # via beangrow
pathspec==0.12.1
    # via black
pdfminer2==20151206
    # via beancount
pillow==10.3.0
    # via matplotlib
platformdirs==4.2.2
    # via black
    # via pylint
pluggy==1.5.0
    # via pytest
ply==3.11
    # via beancount
    # via fava
proto-plus==1.24.0
    # via google-api-core
protobuf==3.20.3
    # via beangrow
    # via fava-portfolio-returns
    # via google-api-core
    # via googleapis-common-protos
    # via proto-plus
pyasn1==0.6.0
    # via pyasn1-modules
    # via rsa
pyasn1-modules==0.4.0
    # via google-auth
pylint==3.2.5
pyparsing==3.1.2
    # via httplib2
    # via matplotlib
pytest==8.2.2
    # via beancount
python-dateutil==2.9.0.post0
    # via beancount
    # via beangrow
    # via matplotlib
    # via pandas
python-magic==0.4.27
    # via beancount
pytz==2024.1
    # via flask-babel
    # via pandas
requests==2.32.3
    # via beancount
    # via google-api-core
rsa==4.9
    # via google-auth
scipy==1.14.0
    # via beangrow
simplejson==3.19.2
    # via fava
six==1.16.0
    # via pdfminer2
    # via python-dateutil
soupsieve==2.5
    # via beautifulsoup4
tomlkit==0.12.5
    # via pylint
types-pyyaml==6.0.12.20240311
typing-extensions==4.12.2
    # via mypy
tzdata==2024.1
    # via pandas
uritemplate==4.1.1
    # via google-api-python-client
urllib3==2.2.2
    # via requests
werkzeug==3.0.3
    # via fava
    # via flask
